
Microsoft Visual Studio Solution File, Format Version 12.00
# Visual Studio 15
VisualStudioVersion = 15.0.28307.779
MinimumVisualStudioVersion = 10.0.40219.1
Project("{8BC9CEB8-8B4A-11D0-8D11-00A0C91BC942}") = "hello", "hello\hello.vcxproj", "{0389BE2E-FE66-4CC7-A562-528F0730D33A}"
EndProject
Project("{8BC9CEB8-8B4A-11D0-8D11-00A0C91BC942}") = "lecture-02", "lecture-02\lecture-02.vcxproj", "{EEE0E4E4-86DA-43CF-99FC-4388F62624C7}"
EndProject
Project("{8BC9CEB8-8B4A-11D0-8D11-00A0C91BC942}") = "lecture-03", "lecture-03\lecture-03.vcxproj", "{45D88F3C-7AA2-47E9-8AAA-006DBB0D0FA6}"
EndProject
Project("{8BC9CEB8-8B4A-11D0-8D11-00A0C91BC942}") = "lecture_04", "lecture_04\lecture_04.vcxproj", "{B4516B06-823D-4448-ACA2-BF952D3E1609}"
EndProject
Project("{8BC9CEB8-8B4A-11D0-8D11-00A0C91BC942}") = "lecture-05", "lecture-05\lecture-05.vcxproj", "{D209FE5F-6D54-406E-939E-5BCB9CC22D47}"
EndProject
Project("{8BC9CEB8-8B4A-11D0-8D11-00A0C91BC942}") = "lecture_06", "lecture_06\lecture_06.vcxproj", "{EA9138AF-D2B4-476D-A265-D2F5866D650A}"
EndProject
Project("{8BC9CEB8-8B4A-11D0-8D11-00A0C91BC942}") = "lecture_08", "lecture_08\lecture_08.vcxproj", "{D096A1DC-0719-4BCB-9D2C-79093108892D}"
EndProject
Global
	GlobalSection(SolutionConfigurationPlatforms) = preSolution
		Debug|x64 = Debug|x64
		Debug|x86 = Debug|x86
		Release|x64 = Release|x64
		Release|x86 = Release|x86
	EndGlobalSection
	GlobalSection(ProjectConfigurationPlatforms) = postSolution
		{0389BE2E-FE66-4CC7-A562-528F0730D33A}.Debug|x64.ActiveCfg = Debug|x64
		{0389BE2E-FE66-4CC7-A562-528F0730D33A}.Debug|x64.Build.0 = Debug|x64
		{0389BE2E-FE66-4CC7-A562-528F0730D33A}.Debug|x86.ActiveCfg = Debug|Win32
		{0389BE2E-FE66-4CC7-A562-528F0730D33A}.Debug|x86.Build.0 = Debug|Win32
		{0389BE2E-FE66-4CC7-A562-528F0730D33A}.Release|x64.ActiveCfg = Release|x64
		{0389BE2E-FE66-4CC7-A562-528F0730D33A}.Release|x64.Build.0 = Release|x64
		{0389BE2E-FE66-4CC7-A562-528F0730D33A}.Release|x86.ActiveCfg = Release|Win32
		{0389BE2E-FE66-4CC7-A562-528F0730D33A}.Release|x86.Build.0 = Release|Win32
		{EEE0E4E4-86DA-43CF-99FC-4388F62624C7}.Debug|x64.ActiveCfg = Debug|x64
		{EEE0E4E4-86DA-43CF-99FC-4388F62624C7}.Debug|x64.Build.0 = Debug|x64
		{EEE0E4E4-86DA-43CF-99FC-4388F62624C7}.Debug|x86.ActiveCfg = Debug|Win32
		{EEE0E4E4-86DA-43CF-99FC-4388F62624C7}.Debug|x86.Build.0 = Debug|Win32
		{EEE0E4E4-86DA-43CF-99FC-4388F62624C7}.Release|x64.ActiveCfg = Release|x64
		{EEE0E4E4-86DA-43CF-99FC-4388F62624C7}.Release|x64.Build.0 = Release|x64
		{EEE0E4E4-86DA-43CF-99FC-4388F62624C7}.Release|x86.ActiveCfg = Release|Win32
		{EEE0E4E4-86DA-43CF-99FC-4388F62624C7}.Release|x86.Build.0 = Release|Win32
		{45D88F3C-7AA2-47E9-8AAA-006DBB0D0FA6}.Debug|x64.ActiveCfg = Debug|x64
		{45D88F3C-7AA2-47E9-8AAA-006DBB0D0FA6}.Debug|x64.Build.0 = Debug|x64
		{45D88F3C-7AA2-47E9-8AAA-006DBB0D0FA6}.Debug|x86.ActiveCfg = Debug|Win32
		{45D88F3C-7AA2-47E9-8AAA-006DBB0D0FA6}.Debug|x86.Build.0 = Debug|Win32
		{45D88F3C-7AA2-47E9-8AAA-006DBB0D0FA6}.Release|x64.ActiveCfg = Release|x64
		{45D88F3C-7AA2-47E9-8AAA-006DBB0D0FA6}.Release|x64.Build.0 = Release|x64
		{45D88F3C-7AA2-47E9-8AAA-006DBB0D0FA6}.Release|x86.ActiveCfg = Release|Win32
		{45D88F3C-7AA2-47E9-8AAA-006DBB0D0FA6}.Release|x86.Build.0 = Release|Win32
		{B4516B06-823D-4448-ACA2-BF952D3E1609}.Debug|x64.ActiveCfg = Debug|x64
		{B4516B06-823D-4448-ACA2-BF952D3E1609}.Debug|x64.Build.0 = Debug|x64
		{B4516B06-823D-4448-ACA2-BF952D3E1609}.Debug|x86.ActiveCfg = Debug|Win32
		{B4516B06-823D-4448-ACA2-BF952D3E1609}.Debug|x86.Build.0 = Debug|Win32
		{B4516B06-823D-4448-ACA2-BF952D3E1609}.Release|x64.ActiveCfg = Release|x64
		{B4516B06-823D-4448-ACA2-BF952D3E1609}.Release|x64.Build.0 = Release|x64
		{B4516B06-823D-4448-ACA2-BF952D3E1609}.Release|x86.ActiveCfg = Release|Win32
		{B4516B06-823D-4448-ACA2-BF952D3E1609}.Release|x86.Build.0 = Release|Win32
		{D209FE5F-6D54-406E-939E-5BCB9CC22D47}.Debug|x64.ActiveCfg = Debug|x64
		{D209FE5F-6D54-406E-939E-5BCB9CC22D47}.Debug|x64.Build.0 = Debug|x64
		{D209FE5F-6D54-406E-939E-5BCB9CC22D47}.Debug|x86.ActiveCfg = Debug|Win32
		{D209FE5F-6D54-406E-939E-5BCB9CC22D47}.Debug|x86.Build.0 = Debug|Win32
		{D209FE5F-6D54-406E-939E-5BCB9CC22D47}.Release|x64.ActiveCfg = Release|x64
		{D209FE5F-6D54-406E-939E-5BCB9CC22D47}.Release|x64.Build.0 = Release|x64
		{D209FE5F-6D54-406E-939E-5BCB9CC22D47}.Release|x86.ActiveCfg = Release|Win32
		{D209FE5F-6D54-406E-939E-5BCB9CC22D47}.Release|x86.Build.0 = Release|Win32
		{EA9138AF-D2B4-476D-A265-D2F5866D650A}.Debug|x64.ActiveCfg = Debug|x64
		{EA9138AF-D2B4-476D-A265-D2F5866D650A}.Debug|x64.Build.0 = Debug|x64
		{EA9138AF-D2B4-476D-A265-D2F5866D650A}.Debug|x86.ActiveCfg = Debug|Win32
		{EA9138AF-D2B4-476D-A265-D2F5866D650A}.Debug|x86.Build.0 = Debug|Win32
		{EA9138AF-D2B4-476D-A265-D2F5866D650A}.Release|x64.ActiveCfg = Release|x64
		{EA9138AF-D2B4-476D-A265-D2F5866D650A}.Release|x64.Build.0 = Release|x64
		{EA9138AF-D2B4-476D-A265-D2F5866D650A}.Release|x86.ActiveCfg = Release|Win32
		{EA9138AF-D2B4-476D-A265-D2F5866D650A}.Release|x86.Build.0 = Release|Win32
		{D096A1DC-0719-4BCB-9D2C-79093108892D}.Debug|x64.ActiveCfg = Debug|x64
		{D096A1DC-0719-4BCB-9D2C-79093108892D}.Debug|x64.Build.0 = Debug|x64
		{D096A1DC-0719-4BCB-9D2C-79093108892D}.Debug|x86.ActiveCfg = Debug|Win32
		{D096A1DC-0719-4BCB-9D2C-79093108892D}.Debug|x86.Build.0 = Debug|Win32
		{D096A1DC-0719-4BCB-9D2C-79093108892D}.Release|x64.ActiveCfg = Release|x64
		{D096A1DC-0719-4BCB-9D2C-79093108892D}.Release|x64.Build.0 = Release|x64
		{D096A1DC-0719-4BCB-9D2C-79093108892D}.Release|x86.ActiveCfg = Release|Win32
		{D096A1DC-0719-4BCB-9D2C-79093108892D}.Release|x86.Build.0 = Release|Win32
	EndGlobalSection
	GlobalSection(SolutionProperties) = preSolution
		HideSolutionNode = FALSE
	EndGlobalSection
	GlobalSection(ExtensibilityGlobals) = postSolution
		SolutionGuid = {8A69667B-E6D8-48F7-A143-38D96E5C68D1}
	EndGlobalSection
EndGlobal
