
Microsoft Visual Studio Solution File, Format Version 12.00
# Visual Studio 15
VisualStudioVersion = 15.0.28307.852
MinimumVisualStudioVersion = 10.0.40219.1
Project("{8BC9CEB8-8B4A-11D0-8D11-00A0C91BC942}") = "DataTypes", "DataTypes\DataTypes.vcxproj", "{EAA8C575-C43B-40B1-B0D5-274EB344DD25}"
EndProject
Global
	GlobalSection(SolutionConfigurationPlatforms) = preSolution
		Debug|x64 = Debug|x64
		Debug|x86 = Debug|x86
		Release|x64 = Release|x64
		Release|x86 = Release|x86
	EndGlobalSection
	GlobalSection(ProjectConfigurationPlatforms) = postSolution
		{EAA8C575-C43B-40B1-B0D5-274EB344DD25}.Debug|x64.ActiveCfg = Debug|x64
		{EAA8C575-C43B-40B1-B0D5-274EB344DD25}.Debug|x64.Build.0 = Debug|x64
		{EAA8C575-C43B-40B1-B0D5-274EB344DD25}.Debug|x86.ActiveCfg = Debug|Win32
		{EAA8C575-C43B-40B1-B0D5-274EB344DD25}.Debug|x86.Build.0 = Debug|Win32
		{EAA8C575-C43B-40B1-B0D5-274EB344DD25}.Release|x64.ActiveCfg = Release|x64
		{EAA8C575-C43B-40B1-B0D5-274EB344DD25}.Release|x64.Build.0 = Release|x64
		{EAA8C575-C43B-40B1-B0D5-274EB344DD25}.Release|x86.ActiveCfg = Release|Win32
		{EAA8C575-C43B-40B1-B0D5-274EB344DD25}.Release|x86.Build.0 = Release|Win32
	EndGlobalSection
	GlobalSection(SolutionProperties) = preSolution
		HideSolutionNode = FALSE
	EndGlobalSection
	GlobalSection(ExtensibilityGlobals) = postSolution
		SolutionGuid = {CB05986A-B99D-4CA0-B3FD-AA9D65E380B5}
	EndGlobalSection
EndGlobal
