
Microsoft Visual Studio Solution File, Format Version 12.00
# Visual Studio Version 16
VisualStudioVersion = 16.0.29306.81
MinimumVisualStudioVersion = 10.0.40219.1
Project("{8BC9CEB8-8B4A-11D0-8D11-00A0C91BC942}") = "odn", "odn\odn.vcxproj", "{DCCD82FB-CDFF-4E90-BB3C-24D00C423DF8}"
EndProject
Global
	GlobalSection(SolutionConfigurationPlatforms) = preSolution
		Debug|x64 = Debug|x64
		Debug|x86 = Debug|x86
		Release|x64 = Release|x64
		Release|x86 = Release|x86
	EndGlobalSection
	GlobalSection(ProjectConfigurationPlatforms) = postSolution
		{DCCD82FB-CDFF-4E90-BB3C-24D00C423DF8}.Debug|x64.ActiveCfg = Debug|x64
		{DCCD82FB-CDFF-4E90-BB3C-24D00C423DF8}.Debug|x64.Build.0 = Debug|x64
		{DCCD82FB-CDFF-4E90-BB3C-24D00C423DF8}.Debug|x86.ActiveCfg = Debug|Win32
		{DCCD82FB-CDFF-4E90-BB3C-24D00C423DF8}.Debug|x86.Build.0 = Debug|Win32
		{DCCD82FB-CDFF-4E90-BB3C-24D00C423DF8}.Release|x64.ActiveCfg = Release|x64
		{DCCD82FB-CDFF-4E90-BB3C-24D00C423DF8}.Release|x64.Build.0 = Release|x64
		{DCCD82FB-CDFF-4E90-BB3C-24D00C423DF8}.Release|x86.ActiveCfg = Release|Win32
		{DCCD82FB-CDFF-4E90-BB3C-24D00C423DF8}.Release|x86.Build.0 = Release|Win32
	EndGlobalSection
	GlobalSection(SolutionProperties) = preSolution
		HideSolutionNode = FALSE
	EndGlobalSection
	GlobalSection(ExtensibilityGlobals) = postSolution
		SolutionGuid = {0F509E36-B7E7-4E6F-B21B-6E963B017EC7}
	EndGlobalSection
EndGlobal
