
Microsoft Visual Studio Solution File, Format Version 12.00
# Visual Studio 15
VisualStudioVersion = 15.0.28307.779
MinimumVisualStudioVersion = 10.0.40219.1
Project("{8BC9CEB8-8B4A-11D0-8D11-00A0C91BC942}") = "00_introduction", "00_introduction\00_introduction.vcxproj", "{4F5A85FE-B03A-46B4-B1F6-D8DC8FC9A7ED}"
EndProject
Global
	GlobalSection(SolutionConfigurationPlatforms) = preSolution
		Debug|x64 = Debug|x64
		Debug|x86 = Debug|x86
		Release|x64 = Release|x64
		Release|x86 = Release|x86
	EndGlobalSection
	GlobalSection(ProjectConfigurationPlatforms) = postSolution
		{4F5A85FE-B03A-46B4-B1F6-D8DC8FC9A7ED}.Debug|x64.ActiveCfg = Debug|x64
		{4F5A85FE-B03A-46B4-B1F6-D8DC8FC9A7ED}.Debug|x64.Build.0 = Debug|x64
		{4F5A85FE-B03A-46B4-B1F6-D8DC8FC9A7ED}.Debug|x86.ActiveCfg = Debug|Win32
		{4F5A85FE-B03A-46B4-B1F6-D8DC8FC9A7ED}.Debug|x86.Build.0 = Debug|Win32
		{4F5A85FE-B03A-46B4-B1F6-D8DC8FC9A7ED}.Release|x64.ActiveCfg = Release|x64
		{4F5A85FE-B03A-46B4-B1F6-D8DC8FC9A7ED}.Release|x64.Build.0 = Release|x64
		{4F5A85FE-B03A-46B4-B1F6-D8DC8FC9A7ED}.Release|x86.ActiveCfg = Release|Win32
		{4F5A85FE-B03A-46B4-B1F6-D8DC8FC9A7ED}.Release|x86.Build.0 = Release|Win32
	EndGlobalSection
	GlobalSection(SolutionProperties) = preSolution
		HideSolutionNode = FALSE
	EndGlobalSection
	GlobalSection(ExtensibilityGlobals) = postSolution
		SolutionGuid = {663A1B8B-2068-4197-9C79-6736FE2F7CB9}
	EndGlobalSection
EndGlobal
