
Microsoft Visual Studio Solution File, Format Version 12.00
# Visual Studio 15
VisualStudioVersion = 15.0.28307.852
MinimumVisualStudioVersion = 10.0.40219.1
Project("{8BC9CEB8-8B4A-11D0-8D11-00A0C91BC942}") = "на паре2", "на паре2\на паре2.vcxproj", "{7FA0E476-B37F-466D-9831-A71975CE9C4F}"
EndProject
Global
	GlobalSection(SolutionConfigurationPlatforms) = preSolution
		Debug|x64 = Debug|x64
		Debug|x86 = Debug|x86
		Release|x64 = Release|x64
		Release|x86 = Release|x86
	EndGlobalSection
	GlobalSection(ProjectConfigurationPlatforms) = postSolution
		{7FA0E476-B37F-466D-9831-A71975CE9C4F}.Debug|x64.ActiveCfg = Debug|x64
		{7FA0E476-B37F-466D-9831-A71975CE9C4F}.Debug|x64.Build.0 = Debug|x64
		{7FA0E476-B37F-466D-9831-A71975CE9C4F}.Debug|x86.ActiveCfg = Debug|Win32
		{7FA0E476-B37F-466D-9831-A71975CE9C4F}.Debug|x86.Build.0 = Debug|Win32
		{7FA0E476-B37F-466D-9831-A71975CE9C4F}.Release|x64.ActiveCfg = Release|x64
		{7FA0E476-B37F-466D-9831-A71975CE9C4F}.Release|x64.Build.0 = Release|x64
		{7FA0E476-B37F-466D-9831-A71975CE9C4F}.Release|x86.ActiveCfg = Release|Win32
		{7FA0E476-B37F-466D-9831-A71975CE9C4F}.Release|x86.Build.0 = Release|Win32
	EndGlobalSection
	GlobalSection(SolutionProperties) = preSolution
		HideSolutionNode = FALSE
	EndGlobalSection
	GlobalSection(ExtensibilityGlobals) = postSolution
		SolutionGuid = {2DBC581E-12A6-4644-BAF4-DCD490030F80}
	EndGlobalSection
EndGlobal
