
Microsoft Visual Studio Solution File, Format Version 12.00
# Visual Studio 15
VisualStudioVersion = 15.0.28307.852
MinimumVisualStudioVersion = 10.0.40219.1
Project("{8BC9CEB8-8B4A-11D0-8D11-00A0C91BC942}") = "Lesson 3 (HW)", "Lesson 3 (HW)\Lesson 3 (HW).vcxproj", "{418ACA0B-7022-479C-994B-7A0F1299CCAE}"
EndProject
Global
	GlobalSection(SolutionConfigurationPlatforms) = preSolution
		Debug|x64 = Debug|x64
		Debug|x86 = Debug|x86
		Release|x64 = Release|x64
		Release|x86 = Release|x86
	EndGlobalSection
	GlobalSection(ProjectConfigurationPlatforms) = postSolution
		{418ACA0B-7022-479C-994B-7A0F1299CCAE}.Debug|x64.ActiveCfg = Debug|x64
		{418ACA0B-7022-479C-994B-7A0F1299CCAE}.Debug|x64.Build.0 = Debug|x64
		{418ACA0B-7022-479C-994B-7A0F1299CCAE}.Debug|x86.ActiveCfg = Debug|Win32
		{418ACA0B-7022-479C-994B-7A0F1299CCAE}.Debug|x86.Build.0 = Debug|Win32
		{418ACA0B-7022-479C-994B-7A0F1299CCAE}.Release|x64.ActiveCfg = Release|x64
		{418ACA0B-7022-479C-994B-7A0F1299CCAE}.Release|x64.Build.0 = Release|x64
		{418ACA0B-7022-479C-994B-7A0F1299CCAE}.Release|x86.ActiveCfg = Release|Win32
		{418ACA0B-7022-479C-994B-7A0F1299CCAE}.Release|x86.Build.0 = Release|Win32
	EndGlobalSection
	GlobalSection(SolutionProperties) = preSolution
		HideSolutionNode = FALSE
	EndGlobalSection
	GlobalSection(ExtensibilityGlobals) = postSolution
		SolutionGuid = {DA27B38F-38B2-4247-AD85-479A2F12A929}
	EndGlobalSection
EndGlobal
